
Microsoft Visual Studio Solution File, Format Version 12.00
# Visual Studio Version 16
VisualStudioVersion = 16.0.31515.178
MinimumVisualStudioVersion = 10.0.40219.1
Project("{9A19103F-16F7-4668-BE54-9A1E7A4F7556}") = "Process Pension", "Process Pension.csproj", "{761CA57D-C9DA-43F1-B2A0-97293B9A0F73}"
EndProject
Project("{FAE04EC0-301F-11D3-BF4B-00C04F79EFBC}") = "Test_ProcessPension", "..\Test_ProcessPension\Test_ProcessPension.csproj", "{5B75D4EE-787B-4B00-B0A0-00C6A0482A46}"
EndProject
Global
	GlobalSection(SolutionConfigurationPlatforms) = preSolution
		Debug|Any CPU = Debug|Any CPU
		Release|Any CPU = Release|Any CPU
	EndGlobalSection
	GlobalSection(ProjectConfigurationPlatforms) = postSolution
		{761CA57D-C9DA-43F1-B2A0-97293B9A0F73}.Debug|Any CPU.ActiveCfg = Debug|Any CPU
		{761CA57D-C9DA-43F1-B2A0-97293B9A0F73}.Debug|Any CPU.Build.0 = Debug|Any CPU
		{761CA57D-C9DA-43F1-B2A0-97293B9A0F73}.Release|Any CPU.ActiveCfg = Release|Any CPU
		{761CA57D-C9DA-43F1-B2A0-97293B9A0F73}.Release|Any CPU.Build.0 = Release|Any CPU
		{5B75D4EE-787B-4B00-B0A0-00C6A0482A46}.Debug|Any CPU.ActiveCfg = Debug|Any CPU
		{5B75D4EE-787B-4B00-B0A0-00C6A0482A46}.Debug|Any CPU.Build.0 = Debug|Any CPU
		{5B75D4EE-787B-4B00-B0A0-00C6A0482A46}.Release|Any CPU.ActiveCfg = Release|Any CPU
		{5B75D4EE-787B-4B00-B0A0-00C6A0482A46}.Release|Any CPU.Build.0 = Release|Any CPU
	EndGlobalSection
	GlobalSection(SolutionProperties) = preSolution
		HideSolutionNode = FALSE
	EndGlobalSection
	GlobalSection(ExtensibilityGlobals) = postSolution
		SolutionGuid = {C160A4F1-5F0E-4275-B8F5-14492AA64404}
	EndGlobalSection
EndGlobal
